
Microsoft Visual Studio Solution File, Format Version 12.00
# Visual Studio Version 17
VisualStudioVersion = 17.2.32505.173
MinimumVisualStudioVersion = 10.0.40219.1
Project("{9A19103F-16F7-4668-BE54-9A1E7A4F7556}") = "Syntesys Week 12-16", "Syntesys Week 12-16\Syntesys Week 12-16.csproj", "{4C18EE00-2440-4299-ACE2-18DD25B30B3F}"
EndProject
Project("{9A19103F-16F7-4668-BE54-9A1E7A4F7556}") = "Logic", "Logic\Logic.csproj", "{E63A29C0-2599-4822-B07F-1216E0225D0A}"
EndProject
Project("{9A19103F-16F7-4668-BE54-9A1E7A4F7556}") = "DAL", "DAL\DAL.csproj", "{AFC87DA2-19FB-4534-95CA-10C4AAA0657C}"
EndProject
Project("{9A19103F-16F7-4668-BE54-9A1E7A4F7556}") = "EmployeeApp", "EmployeeApp\EmployeeApp.csproj", "{DEA65DA6-07D2-4BDF-93C0-795863E12C19}"
EndProject
Project("{9A19103F-16F7-4668-BE54-9A1E7A4F7556}") = "LogicTests", "LogicTests\LogicTests.csproj", "{50B17D77-16DD-4933-8348-65869A3CE9A6}"
EndProject
Global
	GlobalSection(SolutionConfigurationPlatforms) = preSolution
		Debug|Any CPU = Debug|Any CPU
		Release|Any CPU = Release|Any CPU
	EndGlobalSection
	GlobalSection(ProjectConfigurationPlatforms) = postSolution
		{4C18EE00-2440-4299-ACE2-18DD25B30B3F}.Debug|Any CPU.ActiveCfg = Debug|Any CPU
		{4C18EE00-2440-4299-ACE2-18DD25B30B3F}.Debug|Any CPU.Build.0 = Debug|Any CPU
		{4C18EE00-2440-4299-ACE2-18DD25B30B3F}.Release|Any CPU.ActiveCfg = Release|Any CPU
		{4C18EE00-2440-4299-ACE2-18DD25B30B3F}.Release|Any CPU.Build.0 = Release|Any CPU
		{E63A29C0-2599-4822-B07F-1216E0225D0A}.Debug|Any CPU.ActiveCfg = Debug|Any CPU
		{E63A29C0-2599-4822-B07F-1216E0225D0A}.Debug|Any CPU.Build.0 = Debug|Any CPU
		{E63A29C0-2599-4822-B07F-1216E0225D0A}.Release|Any CPU.ActiveCfg = Release|Any CPU
		{E63A29C0-2599-4822-B07F-1216E0225D0A}.Release|Any CPU.Build.0 = Release|Any CPU
		{AFC87DA2-19FB-4534-95CA-10C4AAA0657C}.Debug|Any CPU.ActiveCfg = Debug|Any CPU
		{AFC87DA2-19FB-4534-95CA-10C4AAA0657C}.Debug|Any CPU.Build.0 = Debug|Any CPU
		{AFC87DA2-19FB-4534-95CA-10C4AAA0657C}.Release|Any CPU.ActiveCfg = Release|Any CPU
		{AFC87DA2-19FB-4534-95CA-10C4AAA0657C}.Release|Any CPU.Build.0 = Release|Any CPU
		{DEA65DA6-07D2-4BDF-93C0-795863E12C19}.Debug|Any CPU.ActiveCfg = Debug|Any CPU
		{DEA65DA6-07D2-4BDF-93C0-795863E12C19}.Debug|Any CPU.Build.0 = Debug|Any CPU
		{DEA65DA6-07D2-4BDF-93C0-795863E12C19}.Release|Any CPU.ActiveCfg = Release|Any CPU
		{DEA65DA6-07D2-4BDF-93C0-795863E12C19}.Release|Any CPU.Build.0 = Release|Any CPU
		{50B17D77-16DD-4933-8348-65869A3CE9A6}.Debug|Any CPU.ActiveCfg = Debug|Any CPU
		{50B17D77-16DD-4933-8348-65869A3CE9A6}.Debug|Any CPU.Build.0 = Debug|Any CPU
		{50B17D77-16DD-4933-8348-65869A3CE9A6}.Release|Any CPU.ActiveCfg = Release|Any CPU
		{50B17D77-16DD-4933-8348-65869A3CE9A6}.Release|Any CPU.Build.0 = Release|Any CPU
	EndGlobalSection
	GlobalSection(SolutionProperties) = preSolution
		HideSolutionNode = FALSE
	EndGlobalSection
	GlobalSection(ExtensibilityGlobals) = postSolution
		SolutionGuid = {89AF0E1C-3465-4A58-AD77-1E2591567205}
	EndGlobalSection
EndGlobal
